
Microsoft Visual Studio Solution File, Format Version 12.00
# Visual Studio Version 17
VisualStudioVersion = 17.5.33424.131
MinimumVisualStudioVersion = 10.0.40219.1
Project("{FAE04EC0-301F-11D3-BF4B-00C04F79EFBC}") = "QuizMakerProgram", "QuizMakerProgram.csproj", "{F9A35C4F-BEDE-4E02-ABB5-0AE00F71C625}"
EndProject
Global
	GlobalSection(SolutionConfigurationPlatforms) = preSolution
		Debug|Any CPU = Debug|Any CPU
		Release|Any CPU = Release|Any CPU
	EndGlobalSection
	GlobalSection(ProjectConfigurationPlatforms) = postSolution
		{F9A35C4F-BEDE-4E02-ABB5-0AE00F71C625}.Debug|Any CPU.ActiveCfg = Debug|Any CPU
		{F9A35C4F-BEDE-4E02-ABB5-0AE00F71C625}.Debug|Any CPU.Build.0 = Debug|Any CPU
		{F9A35C4F-BEDE-4E02-ABB5-0AE00F71C625}.Release|Any CPU.ActiveCfg = Release|Any CPU
		{F9A35C4F-BEDE-4E02-ABB5-0AE00F71C625}.Release|Any CPU.Build.0 = Release|Any CPU
	EndGlobalSection
	GlobalSection(SolutionProperties) = preSolution
		HideSolutionNode = FALSE
	EndGlobalSection
	GlobalSection(ExtensibilityGlobals) = postSolution
		SolutionGuid = {074FCBD6-0EB0-424A-A976-C88459BBA49F}
	EndGlobalSection
EndGlobal
